
Microsoft Visual Studio Solution File, Format Version 12.00
# Visual Studio 15
Project("{FAE04EC0-301F-11D3-BF4B-00C04F79EFBC}") = "RTPlanFactory", "RTPlanFactory\RTPlanFactory.csproj", "{A47494D5-EF38-42BF-9526-E5270A25405E}"
EndProject
Project("{FAE04EC0-301F-11D3-BF4B-00C04F79EFBC}") = "LibRTPlanFactory", "LibRTPlanFactory\LibRTPlanFactory.csproj", "{ECC35097-C064-4C5F-A107-8C8BB0298D82}"
EndProject
Project("{FAE04EC0-301F-11D3-BF4B-00C04F79EFBC}") = "RTPlanFactoryConsole", "RTPlanFactoryConsole\RTPlanFactoryConsole.csproj", "{8B15CB67-E433-453E-B513-25D6317248F3}"
EndProject
Global
	GlobalSection(SolutionConfigurationPlatforms) = preSolution
		Debug|Any CPU = Debug|Any CPU
		Release|Any CPU = Release|Any CPU
	EndGlobalSection
	GlobalSection(ProjectConfigurationPlatforms) = postSolution
		{A47494D5-EF38-42BF-9526-E5270A25405E}.Debug|Any CPU.ActiveCfg = Debug|Any CPU
		{A47494D5-EF38-42BF-9526-E5270A25405E}.Debug|Any CPU.Build.0 = Debug|Any CPU
		{A47494D5-EF38-42BF-9526-E5270A25405E}.Release|Any CPU.ActiveCfg = Release|Any CPU
		{A47494D5-EF38-42BF-9526-E5270A25405E}.Release|Any CPU.Build.0 = Release|Any CPU
		{ECC35097-C064-4C5F-A107-8C8BB0298D82}.Debug|Any CPU.ActiveCfg = Debug|Any CPU
		{ECC35097-C064-4C5F-A107-8C8BB0298D82}.Debug|Any CPU.Build.0 = Debug|Any CPU
		{ECC35097-C064-4C5F-A107-8C8BB0298D82}.Release|Any CPU.ActiveCfg = Release|Any CPU
		{ECC35097-C064-4C5F-A107-8C8BB0298D82}.Release|Any CPU.Build.0 = Release|Any CPU
		{8B15CB67-E433-453E-B513-25D6317248F3}.Debug|Any CPU.ActiveCfg = Debug|Any CPU
		{8B15CB67-E433-453E-B513-25D6317248F3}.Debug|Any CPU.Build.0 = Debug|Any CPU
		{8B15CB67-E433-453E-B513-25D6317248F3}.Release|Any CPU.ActiveCfg = Release|Any CPU
		{8B15CB67-E433-453E-B513-25D6317248F3}.Release|Any CPU.Build.0 = Release|Any CPU
	EndGlobalSection
EndGlobal
