Microsoft Visual Studio Solution File, Format Version 12.00
# Visual Studio Version 16
VisualStudioVersion = 16.0.30225.117
MinimumVisualStudioVersion = 10.0.40219.1
Project("{9A19103F-16F7-4668-BE54-9A1E7A4F7556}") = "RTPlanFactoryWeb", "RTPlanFactory\RTPlanFactoryWeb.csproj", "{A47494D5-EF38-42BF-9526-E5270A25405E}"
EndProject
Project("{9A19103F-16F7-4668-BE54-9A1E7A4F7556}") = "RTPlanFactoryLib", "LibRTPlanFactory\RTPlanFactoryLib.csproj", "{ECC35097-C064-4C5F-A107-8C8BB0298D82}"
EndProject
Project("{9A19103F-16F7-4668-BE54-9A1E7A4F7556}") = "RTPlanFactoryConsole", "RTPlanFactoryConsole\RTPlanFactoryConsole.csproj", "{8B15CB67-E433-453E-B513-25D6317248F3}"
EndProject
Project("{FAE04EC0-301F-11D3-BF4B-00C04F79EFBC}") = "RTPlanFactoryWPF", "RTPlanFactoryWPF\RTPlanFactoryWPF.csproj", "{6F6FC262-AAA9-4066-8C4F-4E442A8B8247}"
EndProject
Global
	GlobalSection(SolutionConfigurationPlatforms) = preSolution
		Debug|Any CPU = Debug|Any CPU
		Release|Any CPU = Release|Any CPU
	EndGlobalSection
	GlobalSection(ProjectConfigurationPlatforms) = postSolution
		{A47494D5-EF38-42BF-9526-E5270A25405E}.Debug|Any CPU.ActiveCfg = Debug|Any CPU
		{A47494D5-EF38-42BF-9526-E5270A25405E}.Debug|Any CPU.Build.0 = Debug|Any CPU
		{A47494D5-EF38-42BF-9526-E5270A25405E}.Release|Any CPU.ActiveCfg = Release|Any CPU
		{A47494D5-EF38-42BF-9526-E5270A25405E}.Release|Any CPU.Build.0 = Release|Any CPU
		{ECC35097-C064-4C5F-A107-8C8BB0298D82}.Debug|Any CPU.ActiveCfg = Debug|Any CPU
		{ECC35097-C064-4C5F-A107-8C8BB0298D82}.Debug|Any CPU.Build.0 = Debug|Any CPU
		{ECC35097-C064-4C5F-A107-8C8BB0298D82}.Release|Any CPU.ActiveCfg = Release|Any CPU
		{ECC35097-C064-4C5F-A107-8C8BB0298D82}.Release|Any CPU.Build.0 = Release|Any CPU
		{8B15CB67-E433-453E-B513-25D6317248F3}.Debug|Any CPU.ActiveCfg = Debug|Any CPU
		{8B15CB67-E433-453E-B513-25D6317248F3}.Debug|Any CPU.Build.0 = Debug|Any CPU
		{8B15CB67-E433-453E-B513-25D6317248F3}.Release|Any CPU.ActiveCfg = Release|Any CPU
		{8B15CB67-E433-453E-B513-25D6317248F3}.Release|Any CPU.Build.0 = Release|Any CPU
		{6F6FC262-AAA9-4066-8C4F-4E442A8B8247}.Debug|Any CPU.ActiveCfg = Debug|Any CPU
		{6F6FC262-AAA9-4066-8C4F-4E442A8B8247}.Debug|Any CPU.Build.0 = Debug|Any CPU
		{6F6FC262-AAA9-4066-8C4F-4E442A8B8247}.Release|Any CPU.ActiveCfg = Release|Any CPU
		{6F6FC262-AAA9-4066-8C4F-4E442A8B8247}.Release|Any CPU.Build.0 = Release|Any CPU
	EndGlobalSection
	GlobalSection(SolutionProperties) = preSolution
		HideSolutionNode = FALSE
	EndGlobalSection
	GlobalSection(ExtensibilityGlobals) = postSolution
		SolutionGuid = {EB5A183C-E057-4A87-9E9F-FB65FC3F8BB2}
	EndGlobalSection
EndGlobal
